
Microsoft Visual Studio Solution File, Format Version 12.00
# Visual Studio Version 17
VisualStudioVersion = 17.9.34607.119
MinimumVisualStudioVersion = 10.0.40219.1
Project("{FAE04EC0-301F-11D3-BF4B-00C04F79EFBC}") = "text_editor_test", "text_editor_test\text_editor_test.csproj", "{DF44DE56-3FD8-4B90-A387-796726001DDF}"
EndProject
Global
	GlobalSection(SolutionConfigurationPlatforms) = preSolution
		Debug|Any CPU = Debug|Any CPU
		Release|Any CPU = Release|Any CPU
	EndGlobalSection
	GlobalSection(ProjectConfigurationPlatforms) = postSolution
		{DF44DE56-3FD8-4B90-A387-796726001DDF}.Debug|Any CPU.ActiveCfg = Debug|Any CPU
		{DF44DE56-3FD8-4B90-A387-796726001DDF}.Debug|Any CPU.Build.0 = Debug|Any CPU
		{DF44DE56-3FD8-4B90-A387-796726001DDF}.Release|Any CPU.ActiveCfg = Release|Any CPU
		{DF44DE56-3FD8-4B90-A387-796726001DDF}.Release|Any CPU.Build.0 = Release|Any CPU
	EndGlobalSection
	GlobalSection(SolutionProperties) = preSolution
		HideSolutionNode = FALSE
	EndGlobalSection
	GlobalSection(ExtensibilityGlobals) = postSolution
		SolutionGuid = {8A580292-EAAE-4354-A810-9F3449B2E950}
	EndGlobalSection
EndGlobal
